{
  "name": "empty-project-template",
  "requires": true,
  "lockfileVersion": 1,
  "dependencies": {
    "expokit": {
      "version": "1.6.1",
      "resolved": "https://registry.npmjs.org/expokit/-/expokit-1.6.1.tgz",
      "integrity": "sha512-RCOSDy1OrNFL6JIXgyxDzbAJ5Wr7vHOemKgoqYRLc2l5rzzK9vGfA1qB5LLNlervPizjBH2nSQociNNdhOIAAQ=="
    }
  }
}
